
Microsoft Visual Studio Solution File, Format Version 12.00
# Visual Studio Version 17
VisualStudioVersion = 17.11.35312.102
MinimumVisualStudioVersion = 10.0.40219.1
Project("{FAE04EC0-301F-11D3-BF4B-00C04F79EFBC}") = "FastFoodRestaurant", "FastFoodRestaurant\FastFoodRestaurant.csproj", "{CC737122-1AE3-4C4F-A7E2-6C0A35355904}"
EndProject
Global
	GlobalSection(SolutionConfigurationPlatforms) = preSolution
		Debug|Any CPU = Debug|Any CPU
		Release|Any CPU = Release|Any CPU
	EndGlobalSection
	GlobalSection(ProjectConfigurationPlatforms) = postSolution
		{CC737122-1AE3-4C4F-A7E2-6C0A35355904}.Debug|Any CPU.ActiveCfg = Debug|Any CPU
		{CC737122-1AE3-4C4F-A7E2-6C0A35355904}.Debug|Any CPU.Build.0 = Debug|Any CPU
		{CC737122-1AE3-4C4F-A7E2-6C0A35355904}.Release|Any CPU.ActiveCfg = Release|Any CPU
		{CC737122-1AE3-4C4F-A7E2-6C0A35355904}.Release|Any CPU.Build.0 = Release|Any CPU
	EndGlobalSection
	GlobalSection(SolutionProperties) = preSolution
		HideSolutionNode = FALSE
	EndGlobalSection
	GlobalSection(ExtensibilityGlobals) = postSolution
		SolutionGuid = {BE1AA1FF-6D3E-4ADB-B865-0821D853D1BF}
	EndGlobalSection
EndGlobal
